
Microsoft Visual Studio Solution File, Format Version 12.00
# Visual Studio Version 17
VisualStudioVersion = 17.14.37111.16 d17.14
MinimumVisualStudioVersion = 10.0.40219.1
Project("{FAE04EC0-301F-11D3-BF4B-00C04F79EFBC}") = "ColorButtons", "ColorButtons.csproj", "{B51B0CBA-2AEE-4BEE-8A45-34070054BAC1}"
EndProject
Global
	GlobalSection(SolutionConfigurationPlatforms) = preSolution
		Debug|Any CPU = Debug|Any CPU
		Release|Any CPU = Release|Any CPU
	EndGlobalSection
	GlobalSection(ProjectConfigurationPlatforms) = postSolution
		{B51B0CBA-2AEE-4BEE-8A45-34070054BAC1}.Debug|Any CPU.ActiveCfg = Debug|Any CPU
		{B51B0CBA-2AEE-4BEE-8A45-34070054BAC1}.Debug|Any CPU.Build.0 = Debug|Any CPU
		{B51B0CBA-2AEE-4BEE-8A45-34070054BAC1}.Release|Any CPU.ActiveCfg = Release|Any CPU
		{B51B0CBA-2AEE-4BEE-8A45-34070054BAC1}.Release|Any CPU.Build.0 = Release|Any CPU
	EndGlobalSection
	GlobalSection(SolutionProperties) = preSolution
		HideSolutionNode = FALSE
	EndGlobalSection
	GlobalSection(ExtensibilityGlobals) = postSolution
		SolutionGuid = {5B01D5C6-FF68-4F2A-974F-31B59CA6D88B}
	EndGlobalSection
EndGlobal
